
Microsoft Visual Studio Solution File, Format Version 12.00
# Visual Studio 15
VisualStudioVersion = 15.0.28010.2041
MinimumVisualStudioVersion = 10.0.40219.1
Project("{FAE04EC0-301F-11D3-BF4B-00C04F79EFBC}") = "Pesquisa.Domain", "Pesquisa.Domain\Pesquisa.Domain.csproj", "{D7BC15A8-C3CA-4C08-8461-8AC4E2832010}"
EndProject
Project("{FAE04EC0-301F-11D3-BF4B-00C04F79EFBC}") = "Pesquisa.Data", "Pesquisa.Data\Pesquisa.Data.csproj", "{56FBFB38-1F73-4BF5-8C93-27FA959FDB6D}"
EndProject
Project("{2150E333-8FDC-42A3-9474-1A3956D46DE8}") = "Solution Items", "Solution Items", "{C694B6DC-8864-45DF-B215-14CCE06F52E1}"
	ProjectSection(SolutionItems) = preProject
		..\README.md = ..\README.md
	EndProjectSection
EndProject
Global
	GlobalSection(SolutionConfigurationPlatforms) = preSolution
		Debug|Any CPU = Debug|Any CPU
		Release|Any CPU = Release|Any CPU
	EndGlobalSection
	GlobalSection(ProjectConfigurationPlatforms) = postSolution
		{D7BC15A8-C3CA-4C08-8461-8AC4E2832010}.Debug|Any CPU.ActiveCfg = Debug|Any CPU
		{D7BC15A8-C3CA-4C08-8461-8AC4E2832010}.Debug|Any CPU.Build.0 = Debug|Any CPU
		{D7BC15A8-C3CA-4C08-8461-8AC4E2832010}.Release|Any CPU.ActiveCfg = Release|Any CPU
		{D7BC15A8-C3CA-4C08-8461-8AC4E2832010}.Release|Any CPU.Build.0 = Release|Any CPU
		{56FBFB38-1F73-4BF5-8C93-27FA959FDB6D}.Debug|Any CPU.ActiveCfg = Debug|Any CPU
		{56FBFB38-1F73-4BF5-8C93-27FA959FDB6D}.Debug|Any CPU.Build.0 = Debug|Any CPU
		{56FBFB38-1F73-4BF5-8C93-27FA959FDB6D}.Release|Any CPU.ActiveCfg = Release|Any CPU
		{56FBFB38-1F73-4BF5-8C93-27FA959FDB6D}.Release|Any CPU.Build.0 = Release|Any CPU
	EndGlobalSection
	GlobalSection(SolutionProperties) = preSolution
		HideSolutionNode = FALSE
	EndGlobalSection
	GlobalSection(ExtensibilityGlobals) = postSolution
		SolutionGuid = {FCD1C793-E379-40CC-8143-E8372305DF72}
	EndGlobalSection
EndGlobal
